// !$*UTF8*$!
{
	archiveVersion = 1;
	classes = {
	};
	objectVersion = 55;
	objects = {

/* Begin PBXBuildFile section */
		34773F30284645F60084F611 /* DashboardCellItem.swift in Sources */ = {isa = PBXBuildFile; fileRef = 34773F2F284645F60084F611 /* DashboardCellItem.swift */; };
		34773F32284645FE0084F611 /* DashboardCellEnum.swift in Sources */ = {isa = PBXBuildFile; fileRef = 34773F31284645FE0084F611 /* DashboardCellEnum.swift */; };
		34773F34284646060084F611 /* DashboardCellAction.swift in Sources */ = {isa = PBXBuildFile; fileRef = 34773F33284646060084F611 /* DashboardCellAction.swift */; };
		34773F362846477F0084F611 /* DocumentRecognitionManager.swift in Sources */ = {isa = PBXBuildFile; fileRef = 34773F352846477F0084F611 /* DocumentRecognitionManager.swift */; };
		34773F3828466E010084F611 /* DocumentCollectionViewCell.swift in Sources */ = {isa = PBXBuildFile; fileRef = 34773F3728466E010084F611 /* DocumentCollectionViewCell.swift */; };
		34773F3A28474AFD0084F611 /* AppColors.xcassets in Resources */ = {isa = PBXBuildFile; fileRef = 34773F3928474AFD0084F611 /* AppColors.xcassets */; };
		34773F3C28474B780084F611 /* UIColor+Extension.swift in Sources */ = {isa = PBXBuildFile; fileRef = 34773F3B28474B780084F611 /* UIColor+Extension.swift */; };
		34773F3F28474EDA0084F611 /* PersistenceContainer.swift in Sources */ = {isa = PBXBuildFile; fileRef = 34773F3E28474EDA0084F611 /* PersistenceContainer.swift */; };
		34773F4228474EF10084F611 /* CoreDataModel.xcdatamodeld in Sources */ = {isa = PBXBuildFile; fileRef = 34773F4028474EF10084F611 /* CoreDataModel.xcdatamodeld */; };
		34773F5128475B1E0084F611 /* DocumentStorage.swift in Sources */ = {isa = PBXBuildFile; fileRef = 34773F5028475B1E0084F611 /* DocumentStorage.swift */; };
		34773F8228476E730084F611 /* DocumentObjects+CoreDataClass.swift in Sources */ = {isa = PBXBuildFile; fileRef = 34773F7E28476E730084F611 /* DocumentObjects+CoreDataClass.swift */; };
		34773F8328476E730084F611 /* DocumentObjects+CoreDataProperties.swift in Sources */ = {isa = PBXBuildFile; fileRef = 34773F7F28476E730084F611 /* DocumentObjects+CoreDataProperties.swift */; };
		34773F8428476E730084F611 /* DocumentObject+CoreDataClass.swift in Sources */ = {isa = PBXBuildFile; fileRef = 34773F8028476E730084F611 /* DocumentObject+CoreDataClass.swift */; };
		34773F8528476E730084F611 /* DocumentObject+CoreDataProperties.swift in Sources */ = {isa = PBXBuildFile; fileRef = 34773F8128476E730084F611 /* DocumentObject+CoreDataProperties.swift */; };
		34773F8828479A340084F611 /* DocumentData.swift in Sources */ = {isa = PBXBuildFile; fileRef = 34773F8728479A340084F611 /* DocumentData.swift */; };
		349491A42843AD090009B0AE /* AppDelegate.swift in Sources */ = {isa = PBXBuildFile; fileRef = 349491A32843AD090009B0AE /* AppDelegate.swift */; };
		349491A82843AD090009B0AE /* DashboardViewController.swift in Sources */ = {isa = PBXBuildFile; fileRef = 349491A72843AD090009B0AE /* DashboardViewController.swift */; };
		349491AD2843AD0A0009B0AE /* Assets.xcassets in Resources */ = {isa = PBXBuildFile; fileRef = 349491AC2843AD0A0009B0AE /* Assets.xcassets */; };
		349491B02843AD0A0009B0AE /* LaunchScreen.storyboard in Resources */ = {isa = PBXBuildFile; fileRef = 349491AE2843AD0A0009B0AE /* LaunchScreen.storyboard */; };
		349491BB2843AD0B0009B0AE /* TextToSpeechTests.swift in Sources */ = {isa = PBXBuildFile; fileRef = 349491BA2843AD0B0009B0AE /* TextToSpeechTests.swift */; };
		349491C52843AD0B0009B0AE /* TextToSpeechUITests.swift in Sources */ = {isa = PBXBuildFile; fileRef = 349491C42843AD0B0009B0AE /* TextToSpeechUITests.swift */; };
		349491C72843AD0B0009B0AE /* TextToSpeechUITestsLaunchTests.swift in Sources */ = {isa = PBXBuildFile; fileRef = 349491C62843AD0B0009B0AE /* TextToSpeechUITestsLaunchTests.swift */; };
		349491D728452D630009B0AE /* ConvertedTextViewController.swift in Sources */ = {isa = PBXBuildFile; fileRef = 349491D628452D630009B0AE /* ConvertedTextViewController.swift */; };
		349491D928463C070009B0AE /* AppCoordinator.swift in Sources */ = {isa = PBXBuildFile; fileRef = 349491D828463C070009B0AE /* AppCoordinator.swift */; };
		349491DB28463E5D0009B0AE /* AppManager.swift in Sources */ = {isa = PBXBuildFile; fileRef = 349491DA28463E5D0009B0AE /* AppManager.swift */; };
		349491E5284640460009B0AE /* AddDocumentCollectionViewCell.swift in Sources */ = {isa = PBXBuildFile; fileRef = 349491E4284640460009B0AE /* AddDocumentCollectionViewCell.swift */; };
		349491E9284640A20009B0AE /* Reusable.swift in Sources */ = {isa = PBXBuildFile; fileRef = 349491E8284640A20009B0AE /* Reusable.swift */; };
		349491EB284640C60009B0AE /* UICollectionView+Extension.swift in Sources */ = {isa = PBXBuildFile; fileRef = 349491EA284640C60009B0AE /* UICollectionView+Extension.swift */; };
		34C7B1992847DE7D00A5F68B /* SettingsTableViewController.swift in Sources */ = {isa = PBXBuildFile; fileRef = 34C7B1982847DE7D00A5F68B /* SettingsTableViewController.swift */; };
		34C7B19B2847F8C700A5F68B /* UIView+Extension.swift in Sources */ = {isa = PBXBuildFile; fileRef = 34C7B19A2847F8C700A5F68B /* UIView+Extension.swift */; };
		34C7B19E2847F9A800A5F68B /* ConvertedTextBarView.swift in Sources */ = {isa = PBXBuildFile; fileRef = 34C7B19D2847F9A800A5F68B /* ConvertedTextBarView.swift */; };
		34C7B1A028489FB400A5F68B /* Utils.swift in Sources */ = {isa = PBXBuildFile; fileRef = 34C7B19F28489FB400A5F68B /* Utils.swift */; };
/* End PBXBuildFile section */

/* Begin PBXContainerItemProxy section */
		349491B72843AD0B0009B0AE /* PBXContainerItemProxy */ = {
			isa = PBXContainerItemProxy;
			containerPortal = 349491982843AD090009B0AE /* Project object */;
			proxyType = 1;
			remoteGlobalIDString = 3494919F2843AD090009B0AE;
			remoteInfo = TextToSpeech;
		};
		349491C12843AD0B0009B0AE /* PBXContainerItemProxy */ = {
			isa = PBXContainerItemProxy;
			containerPortal = 349491982843AD090009B0AE /* Project object */;
			proxyType = 1;
			remoteGlobalIDString = 3494919F2843AD090009B0AE;
			remoteInfo = TextToSpeech;
		};
/* End PBXContainerItemProxy section */

/* Begin PBXFileReference section */
		34773F2F284645F60084F611 /* DashboardCellItem.swift */ = {isa = PBXFileReference; lastKnownFileType = sourcecode.swift; path = DashboardCellItem.swift; sourceTree = "<group>"; };
		34773F31284645FE0084F611 /* DashboardCellEnum.swift */ = {isa = PBXFileReference; lastKnownFileType = sourcecode.swift; path = DashboardCellEnum.swift; sourceTree = "<group>"; };
		34773F33284646060084F611 /* DashboardCellAction.swift */ = {isa = PBXFileReference; lastKnownFileType = sourcecode.swift; path = DashboardCellAction.swift; sourceTree = "<group>"; };
		34773F352846477F0084F611 /* DocumentRecognitionManager.swift */ = {isa = PBXFileReference; lastKnownFileType = sourcecode.swift; path = DocumentRecognitionManager.swift; sourceTree = "<group>"; };
		34773F3728466E010084F611 /* DocumentCollectionViewCell.swift */ = {isa = PBXFileReference; lastKnownFileType = sourcecode.swift; path = DocumentCollectionViewCell.swift; sourceTree = "<group>"; };
		34773F3928474AFD0084F611 /* AppColors.xcassets */ = {isa = PBXFileReference; lastKnownFileType = folder.assetcatalog; path = AppColors.xcassets; sourceTree = "<group>"; };
		34773F3B28474B780084F611 /* UIColor+Extension.swift */ = {isa = PBXFileReference; lastKnownFileType = sourcecode.swift; path = "UIColor+Extension.swift"; sourceTree = "<group>"; };
		34773F3E28474EDA0084F611 /* PersistenceContainer.swift */ = {isa = PBXFileReference; lastKnownFileType = sourcecode.swift; path = PersistenceContainer.swift; sourceTree = "<group>"; };
		34773F4128474EF10084F611 /* CoreDataModel.xcdatamodel */ = {isa = PBXFileReference; lastKnownFileType = wrapper.xcdatamodel; path = CoreDataModel.xcdatamodel; sourceTree = "<group>"; };
		34773F5028475B1E0084F611 /* DocumentStorage.swift */ = {isa = PBXFileReference; lastKnownFileType = sourcecode.swift; path = DocumentStorage.swift; sourceTree = "<group>"; };
		34773F7E28476E730084F611 /* DocumentObjects+CoreDataClass.swift */ = {isa = PBXFileReference; lastKnownFileType = sourcecode.swift; path = "DocumentObjects+CoreDataClass.swift"; sourceTree = "<group>"; };
		34773F7F28476E730084F611 /* DocumentObjects+CoreDataProperties.swift */ = {isa = PBXFileReference; lastKnownFileType = sourcecode.swift; path = "DocumentObjects+CoreDataProperties.swift"; sourceTree = "<group>"; };
		34773F8028476E730084F611 /* DocumentObject+CoreDataClass.swift */ = {isa = PBXFileReference; lastKnownFileType = sourcecode.swift; path = "DocumentObject+CoreDataClass.swift"; sourceTree = "<group>"; };
		34773F8128476E730084F611 /* DocumentObject+CoreDataProperties.swift */ = {isa = PBXFileReference; lastKnownFileType = sourcecode.swift; path = "DocumentObject+CoreDataProperties.swift"; sourceTree = "<group>"; };
		34773F8728479A340084F611 /* DocumentData.swift */ = {isa = PBXFileReference; lastKnownFileType = sourcecode.swift; path = DocumentData.swift; sourceTree = "<group>"; };
		349491A02843AD090009B0AE /* TextToSpeech.app */ = {isa = PBXFileReference; explicitFileType = wrapper.application; includeInIndex = 0; path = TextToSpeech.app; sourceTree = BUILT_PRODUCTS_DIR; };
		349491A32843AD090009B0AE /* AppDelegate.swift */ = {isa = PBXFileReference; lastKnownFileType = sourcecode.swift; path = AppDelegate.swift; sourceTree = "<group>"; };
		349491A72843AD090009B0AE /* DashboardViewController.swift */ = {isa = PBXFileReference; lastKnownFileType = sourcecode.swift; path = DashboardViewController.swift; sourceTree = "<group>"; };
		349491AC2843AD0A0009B0AE /* Assets.xcassets */ = {isa = PBXFileReference; lastKnownFileType = folder.assetcatalog; path = Assets.xcassets; sourceTree = "<group>"; };
		349491AF2843AD0A0009B0AE /* Base */ = {isa = PBXFileReference; lastKnownFileType = file.storyboard; name = Base; path = Base.lproj/LaunchScreen.storyboard; sourceTree = "<group>"; };
		349491B12843AD0A0009B0AE /* Info.plist */ = {isa = PBXFileReference; lastKnownFileType = text.plist.xml; path = Info.plist; sourceTree = "<group>"; };
		349491B62843AD0B0009B0AE /* TextToSpeechTests.xctest */ = {isa = PBXFileReference; explicitFileType = wrapper.cfbundle; includeInIndex = 0; path = TextToSpeechTests.xctest; sourceTree = BUILT_PRODUCTS_DIR; };
		349491BA2843AD0B0009B0AE /* TextToSpeechTests.swift */ = {isa = PBXFileReference; lastKnownFileType = sourcecode.swift; path = TextToSpeechTests.swift; sourceTree = "<group>"; };
		349491C02843AD0B0009B0AE /* TextToSpeechUITests.xctest */ = {isa = PBXFileReference; explicitFileType = wrapper.cfbundle; includeInIndex = 0; path = TextToSpeechUITests.xctest; sourceTree = BUILT_PRODUCTS_DIR; };
		349491C42843AD0B0009B0AE /* TextToSpeechUITests.swift */ = {isa = PBXFileReference; lastKnownFileType = sourcecode.swift; path = TextToSpeechUITests.swift; sourceTree = "<group>"; };
		349491C62843AD0B0009B0AE /* TextToSpeechUITestsLaunchTests.swift */ = {isa = PBXFileReference; lastKnownFileType = sourcecode.swift; path = TextToSpeechUITestsLaunchTests.swift; sourceTree = "<group>"; };
		349491D32843B6140009B0AE /* TextToSpeech.entitlements */ = {isa = PBXFileReference; lastKnownFileType = text.plist.entitlements; path = TextToSpeech.entitlements; sourceTree = "<group>"; };
		349491D628452D630009B0AE /* ConvertedTextViewController.swift */ = {isa = PBXFileReference; lastKnownFileType = sourcecode.swift; path = ConvertedTextViewController.swift; sourceTree = "<group>"; };
		349491D828463C070009B0AE /* AppCoordinator.swift */ = {isa = PBXFileReference; lastKnownFileType = sourcecode.swift; path = AppCoordinator.swift; sourceTree = "<group>"; };
		349491DA28463E5D0009B0AE /* AppManager.swift */ = {isa = PBXFileReference; lastKnownFileType = sourcecode.swift; path = AppManager.swift; sourceTree = "<group>"; };
		349491E4284640460009B0AE /* AddDocumentCollectionViewCell.swift */ = {isa = PBXFileReference; lastKnownFileType = sourcecode.swift; path = AddDocumentCollectionViewCell.swift; sourceTree = "<group>"; };
		349491E8284640A20009B0AE /* Reusable.swift */ = {isa = PBXFileReference; lastKnownFileType = sourcecode.swift; path = Reusable.swift; sourceTree = "<group>"; };
		349491EA284640C60009B0AE /* UICollectionView+Extension.swift */ = {isa = PBXFileReference; lastKnownFileType = sourcecode.swift; path = "UICollectionView+Extension.swift"; sourceTree = "<group>"; };
		34C7B1982847DE7D00A5F68B /* SettingsTableViewController.swift */ = {isa = PBXFileReference; lastKnownFileType = sourcecode.swift; path = SettingsTableViewController.swift; sourceTree = "<group>"; };
		34C7B19A2847F8C700A5F68B /* UIView+Extension.swift */ = {isa = PBXFileReference; lastKnownFileType = sourcecode.swift; path = "UIView+Extension.swift"; sourceTree = "<group>"; };
		34C7B19D2847F9A800A5F68B /* ConvertedTextBarView.swift */ = {isa = PBXFileReference; lastKnownFileType = sourcecode.swift; path = ConvertedTextBarView.swift; sourceTree = "<group>"; };
		34C7B19F28489FB400A5F68B /* Utils.swift */ = {isa = PBXFileReference; lastKnownFileType = sourcecode.swift; path = Utils.swift; sourceTree = "<group>"; };
/* End PBXFileReference section */

/* Begin PBXFrameworksBuildPhase section */
		3494919D2843AD090009B0AE /* Frameworks */ = {
			isa = PBXFrameworksBuildPhase;
			buildActionMask = 2147483647;
			files = (
			);
			runOnlyForDeploymentPostprocessing = 0;
		};
		349491B32843AD0B0009B0AE /* Frameworks */ = {
			isa = PBXFrameworksBuildPhase;
			buildActionMask = 2147483647;
			files = (
			);
			runOnlyForDeploymentPostprocessing = 0;
		};
		349491BD2843AD0B0009B0AE /* Frameworks */ = {
			isa = PBXFrameworksBuildPhase;
			buildActionMask = 2147483647;
			files = (
			);
			runOnlyForDeploymentPostprocessing = 0;
		};
/* End PBXFrameworksBuildPhase section */

/* Begin PBXGroup section */
		34773F3D28474EC90084F611 /* CoreData */ = {
			isa = PBXGroup;
			children = (
				34773F4728474F7E0084F611 /* Model */,
				34773F3E28474EDA0084F611 /* PersistenceContainer.swift */,
				34773F4028474EF10084F611 /* CoreDataModel.xcdatamodeld */,
				34773F5028475B1E0084F611 /* DocumentStorage.swift */,
			);
			path = CoreData;
			sourceTree = "<group>";
		};
		34773F4728474F7E0084F611 /* Model */ = {
			isa = PBXGroup;
			children = (
				34773F7E28476E730084F611 /* DocumentObjects+CoreDataClass.swift */,
				34773F7F28476E730084F611 /* DocumentObjects+CoreDataProperties.swift */,
				34773F8028476E730084F611 /* DocumentObject+CoreDataClass.swift */,
				34773F8128476E730084F611 /* DocumentObject+CoreDataProperties.swift */,
			);
			path = Model;
			sourceTree = "<group>";
		};
		34773F8628479A250084F611 /* Models */ = {
			isa = PBXGroup;
			children = (
				34773F8728479A340084F611 /* DocumentData.swift */,
			);
			path = Models;
			sourceTree = "<group>";
		};
		349491972843AD090009B0AE = {
			isa = PBXGroup;
			children = (
				349491A22843AD090009B0AE /* TextToSpeech */,
				349491B92843AD0B0009B0AE /* TextToSpeechTests */,
				349491C32843AD0B0009B0AE /* TextToSpeechUITests */,
				349491A12843AD090009B0AE /* Products */,
			);
			sourceTree = "<group>";
		};
		349491A12843AD090009B0AE /* Products */ = {
			isa = PBXGroup;
			children = (
				349491A02843AD090009B0AE /* TextToSpeech.app */,
				349491B62843AD0B0009B0AE /* TextToSpeechTests.xctest */,
				349491C02843AD0B0009B0AE /* TextToSpeechUITests.xctest */,
			);
			name = Products;
			sourceTree = "<group>";
		};
		349491A22843AD090009B0AE /* TextToSpeech */ = {
			isa = PBXGroup;
			children = (
				34773F8628479A250084F611 /* Models */,
				349491B12843AD0A0009B0AE /* Info.plist */,
				349491D32843B6140009B0AE /* TextToSpeech.entitlements */,
				349491DA28463E5D0009B0AE /* AppManager.swift */,
				349491D828463C070009B0AE /* AppCoordinator.swift */,
				34773F3D28474EC90084F611 /* CoreData */,
				349491DD28463FA40009B0AE /* Application */,
				349491DC28463F900009B0AE /* Resources */,
				349491E7284640980009B0AE /* Utils */,
				349491E6284640850009B0AE /* Extensions */,
				349491DF28463FB50009B0AE /* Features */,
			);
			path = TextToSpeech;
			sourceTree = "<group>";
		};
		349491B92843AD0B0009B0AE /* TextToSpeechTests */ = {
			isa = PBXGroup;
			children = (
				349491BA2843AD0B0009B0AE /* TextToSpeechTests.swift */,
			);
			path = TextToSpeechTests;
			sourceTree = "<group>";
		};
		349491C32843AD0B0009B0AE /* TextToSpeechUITests */ = {
			isa = PBXGroup;
			children = (
				349491C42843AD0B0009B0AE /* TextToSpeechUITests.swift */,
				349491C62843AD0B0009B0AE /* TextToSpeechUITestsLaunchTests.swift */,
			);
			path = TextToSpeechUITests;
			sourceTree = "<group>";
		};
		349491DC28463F900009B0AE /* Resources */ = {
			isa = PBXGroup;
			children = (
				349491AE2843AD0A0009B0AE /* LaunchScreen.storyboard */,
				349491AC2843AD0A0009B0AE /* Assets.xcassets */,
				34773F3928474AFD0084F611 /* AppColors.xcassets */,
			);
			path = Resources;
			sourceTree = "<group>";
		};
		349491DD28463FA40009B0AE /* Application */ = {
			isa = PBXGroup;
			children = (
				349491A32843AD090009B0AE /* AppDelegate.swift */,
			);
			path = Application;
			sourceTree = "<group>";
		};
		349491DF28463FB50009B0AE /* Features */ = {
			isa = PBXGroup;
			children = (
				34C7B1972847DE5F00A5F68B /* Settings */,
				349491E128463FC20009B0AE /* ConvertedText */,
				349491E028463FBB0009B0AE /* Dashboard */,
			);
			path = Features;
			sourceTree = "<group>";
		};
		349491E028463FBB0009B0AE /* Dashboard */ = {
			isa = PBXGroup;
			children = (
				349491E328463FD80009B0AE /* CollectionViewCells */,
				349491E228463FD40009B0AE /* Data */,
				349491A72843AD090009B0AE /* DashboardViewController.swift */,
				34773F352846477F0084F611 /* DocumentRecognitionManager.swift */,
			);
			path = Dashboard;
			sourceTree = "<group>";
		};
		349491E128463FC20009B0AE /* ConvertedText */ = {
			isa = PBXGroup;
			children = (
				34C7B19C2847F96D00A5F68B /* Components */,
				349491D628452D630009B0AE /* ConvertedTextViewController.swift */,
			);
			path = ConvertedText;
			sourceTree = "<group>";
		};
		349491E228463FD40009B0AE /* Data */ = {
			isa = PBXGroup;
			children = (
				34773F2F284645F60084F611 /* DashboardCellItem.swift */,
				34773F31284645FE0084F611 /* DashboardCellEnum.swift */,
				34773F33284646060084F611 /* DashboardCellAction.swift */,
			);
			path = Data;
			sourceTree = "<group>";
		};
		349491E328463FD80009B0AE /* CollectionViewCells */ = {
			isa = PBXGroup;
			children = (
				349491E4284640460009B0AE /* AddDocumentCollectionViewCell.swift */,
				34773F3728466E010084F611 /* DocumentCollectionViewCell.swift */,
			);
			path = CollectionViewCells;
			sourceTree = "<group>";
		};
		349491E6284640850009B0AE /* Extensions */ = {
			isa = PBXGroup;
			children = (
				349491EA284640C60009B0AE /* UICollectionView+Extension.swift */,
				34773F3B28474B780084F611 /* UIColor+Extension.swift */,
				34C7B19A2847F8C700A5F68B /* UIView+Extension.swift */,
			);
			path = Extensions;
			sourceTree = "<group>";
		};
		349491E7284640980009B0AE /* Utils */ = {
			isa = PBXGroup;
			children = (
				349491E8284640A20009B0AE /* Reusable.swift */,
				34C7B19F28489FB400A5F68B /* Utils.swift */,
			);
			path = Utils;
			sourceTree = "<group>";
		};
		34C7B1972847DE5F00A5F68B /* Settings */ = {
			isa = PBXGroup;
			children = (
				34C7B1982847DE7D00A5F68B /* SettingsTableViewController.swift */,
			);
			path = Settings;
			sourceTree = "<group>";
		};
		34C7B19C2847F96D00A5F68B /* Components */ = {
			isa = PBXGroup;
			children = (
				34C7B19D2847F9A800A5F68B /* ConvertedTextBarView.swift */,
			);
			path = Components;
			sourceTree = "<group>";
		};
/* End PBXGroup section */

/* Begin PBXNativeTarget section */
		3494919F2843AD090009B0AE /* TextToSpeech */ = {
			isa = PBXNativeTarget;
			buildConfigurationList = 349491CA2843AD0B0009B0AE /* Build configuration list for PBXNativeTarget "TextToSpeech" */;
			buildPhases = (
				3494919C2843AD090009B0AE /* Sources */,
				3494919D2843AD090009B0AE /* Frameworks */,
				3494919E2843AD090009B0AE /* Resources */,
			);
			buildRules = (
			);
			dependencies = (
			);
			name = TextToSpeech;
			productName = TextToSpeech;
			productReference = 349491A02843AD090009B0AE /* TextToSpeech.app */;
			productType = "com.apple.product-type.application";
		};
		349491B52843AD0B0009B0AE /* TextToSpeechTests */ = {
			isa = PBXNativeTarget;
			buildConfigurationList = 349491CD2843AD0B0009B0AE /* Build configuration list for PBXNativeTarget "TextToSpeechTests" */;
			buildPhases = (
				349491B22843AD0B0009B0AE /* Sources */,
				349491B32843AD0B0009B0AE /* Frameworks */,
				349491B42843AD0B0009B0AE /* Resources */,
			);
			buildRules = (
			);
			dependencies = (
				349491B82843AD0B0009B0AE /* PBXTargetDependency */,
			);
			name = TextToSpeechTests;
			productName = TextToSpeechTests;
			productReference = 349491B62843AD0B0009B0AE /* TextToSpeechTests.xctest */;
			productType = "com.apple.product-type.bundle.unit-test";
		};
		349491BF2843AD0B0009B0AE /* TextToSpeechUITests */ = {
			isa = PBXNativeTarget;
			buildConfigurationList = 349491D02843AD0B0009B0AE /* Build configuration list for PBXNativeTarget "TextToSpeechUITests" */;
			buildPhases = (
				349491BC2843AD0B0009B0AE /* Sources */,
				349491BD2843AD0B0009B0AE /* Frameworks */,
				349491BE2843AD0B0009B0AE /* Resources */,
			);
			buildRules = (
			);
			dependencies = (
				349491C22843AD0B0009B0AE /* PBXTargetDependency */,
			);
			name = TextToSpeechUITests;
			productName = TextToSpeechUITests;
			productReference = 349491C02843AD0B0009B0AE /* TextToSpeechUITests.xctest */;
			productType = "com.apple.product-type.bundle.ui-testing";
		};
/* End PBXNativeTarget section */

/* Begin PBXProject section */
		349491982843AD090009B0AE /* Project object */ = {
			isa = PBXProject;
			attributes = {
				BuildIndependentTargetsInParallel = 1;
				LastSwiftUpdateCheck = 1330;
				LastUpgradeCheck = 1330;
				TargetAttributes = {
					3494919F2843AD090009B0AE = {
						CreatedOnToolsVersion = 13.3.1;
					};
					349491B52843AD0B0009B0AE = {
						CreatedOnToolsVersion = 13.3.1;
						TestTargetID = 3494919F2843AD090009B0AE;
					};
					349491BF2843AD0B0009B0AE = {
						CreatedOnToolsVersion = 13.3.1;
						TestTargetID = 3494919F2843AD090009B0AE;
					};
				};
			};
			buildConfigurationList = 3494919B2843AD090009B0AE /* Build configuration list for PBXProject "TextToSpeech" */;
			compatibilityVersion = "Xcode 13.0";
			developmentRegion = en;
			hasScannedForEncodings = 0;
			knownRegions = (
				en,
				Base,
			);
			mainGroup = 349491972843AD090009B0AE;
			productRefGroup = 349491A12843AD090009B0AE /* Products */;
			projectDirPath = "";
			projectRoot = "";
			targets = (
				3494919F2843AD090009B0AE /* TextToSpeech */,
				349491B52843AD0B0009B0AE /* TextToSpeechTests */,
				349491BF2843AD0B0009B0AE /* TextToSpeechUITests */,
			);
		};
/* End PBXProject section */

/* Begin PBXResourcesBuildPhase section */
		3494919E2843AD090009B0AE /* Resources */ = {
			isa = PBXResourcesBuildPhase;
			buildActionMask = 2147483647;
			files = (
				349491B02843AD0A0009B0AE /* LaunchScreen.storyboard in Resources */,
				349491AD2843AD0A0009B0AE /* Assets.xcassets in Resources */,
				34773F3A28474AFD0084F611 /* AppColors.xcassets in Resources */,
			);
			runOnlyForDeploymentPostprocessing = 0;
		};
		349491B42843AD0B0009B0AE /* Resources */ = {
			isa = PBXResourcesBuildPhase;
			buildActionMask = 2147483647;
			files = (
			);
			runOnlyForDeploymentPostprocessing = 0;
		};
		349491BE2843AD0B0009B0AE /* Resources */ = {
			isa = PBXResourcesBuildPhase;
			buildActionMask = 2147483647;
			files = (
			);
			runOnlyForDeploymentPostprocessing = 0;
		};
/* End PBXResourcesBuildPhase section */

/* Begin PBXSourcesBuildPhase section */
		3494919C2843AD090009B0AE /* Sources */ = {
			isa = PBXSourcesBuildPhase;
			buildActionMask = 2147483647;
			files = (
				34773F362846477F0084F611 /* DocumentRecognitionManager.swift in Sources */,
				349491EB284640C60009B0AE /* UICollectionView+Extension.swift in Sources */,
				349491D928463C070009B0AE /* AppCoordinator.swift in Sources */,
				34773F8528476E730084F611 /* DocumentObject+CoreDataProperties.swift in Sources */,
				349491DB28463E5D0009B0AE /* AppManager.swift in Sources */,
				34C7B1A028489FB400A5F68B /* Utils.swift in Sources */,
				34773F30284645F60084F611 /* DashboardCellItem.swift in Sources */,
				349491A82843AD090009B0AE /* DashboardViewController.swift in Sources */,
				34773F4228474EF10084F611 /* CoreDataModel.xcdatamodeld in Sources */,
				34773F8428476E730084F611 /* DocumentObject+CoreDataClass.swift in Sources */,
				34773F8228476E730084F611 /* DocumentObjects+CoreDataClass.swift in Sources */,
				349491E5284640460009B0AE /* AddDocumentCollectionViewCell.swift in Sources */,
				34773F3C28474B780084F611 /* UIColor+Extension.swift in Sources */,
				34773F3828466E010084F611 /* DocumentCollectionViewCell.swift in Sources */,
				349491A42843AD090009B0AE /* AppDelegate.swift in Sources */,
				34773F32284645FE0084F611 /* DashboardCellEnum.swift in Sources */,
				34773F8328476E730084F611 /* DocumentObjects+CoreDataProperties.swift in Sources */,
				34773F8828479A340084F611 /* DocumentData.swift in Sources */,
				34773F34284646060084F611 /* DashboardCellAction.swift in Sources */,
				34C7B19B2847F8C700A5F68B /* UIView+Extension.swift in Sources */,
				349491D728452D630009B0AE /* ConvertedTextViewController.swift in Sources */,
				349491E9284640A20009B0AE /* Reusable.swift in Sources */,
				34773F5128475B1E0084F611 /* DocumentStorage.swift in Sources */,
				34C7B1992847DE7D00A5F68B /* SettingsTableViewController.swift in Sources */,
				34773F3F28474EDA0084F611 /* PersistenceContainer.swift in Sources */,
				34C7B19E2847F9A800A5F68B /* ConvertedTextBarView.swift in Sources */,
			);
			runOnlyForDeploymentPostprocessing = 0;
		};
		349491B22843AD0B0009B0AE /* Sources */ = {
			isa = PBXSourcesBuildPhase;
			buildActionMask = 2147483647;
			files = (
				349491BB2843AD0B0009B0AE /* TextToSpeechTests.swift in Sources */,
			);
			runOnlyForDeploymentPostprocessing = 0;
		};
		349491BC2843AD0B0009B0AE /* Sources */ = {
			isa = PBXSourcesBuildPhase;
			buildActionMask = 2147483647;
			files = (
				349491C72843AD0B0009B0AE /* TextToSpeechUITestsLaunchTests.swift in Sources */,
				349491C52843AD0B0009B0AE /* TextToSpeechUITests.swift in Sources */,
			);
			runOnlyForDeploymentPostprocessing = 0;
		};
/* End PBXSourcesBuildPhase section */

/* Begin PBXTargetDependency section */
		349491B82843AD0B0009B0AE /* PBXTargetDependency */ = {
			isa = PBXTargetDependency;
			target = 3494919F2843AD090009B0AE /* TextToSpeech */;
			targetProxy = 349491B72843AD0B0009B0AE /* PBXContainerItemProxy */;
		};
		349491C22843AD0B0009B0AE /* PBXTargetDependency */ = {
			isa = PBXTargetDependency;
			target = 3494919F2843AD090009B0AE /* TextToSpeech */;
			targetProxy = 349491C12843AD0B0009B0AE /* PBXContainerItemProxy */;
		};
/* End PBXTargetDependency section */

/* Begin PBXVariantGroup section */
		349491AE2843AD0A0009B0AE /* LaunchScreen.storyboard */ = {
			isa = PBXVariantGroup;
			children = (
				349491AF2843AD0A0009B0AE /* Base */,
			);
			name = LaunchScreen.storyboard;
			sourceTree = "<group>";
		};
/* End PBXVariantGroup section */

/* Begin XCBuildConfiguration section */
		349491C82843AD0B0009B0AE /* Debug */ = {
			isa = XCBuildConfiguration;
			buildSettings = {
				ALWAYS_SEARCH_USER_PATHS = NO;
				CLANG_ANALYZER_NONNULL = YES;
				CLANG_ANALYZER_NUMBER_OBJECT_CONVERSION = YES_AGGRESSIVE;
				CLANG_CXX_LANGUAGE_STANDARD = "gnu++17";
				CLANG_ENABLE_MODULES = YES;
				CLANG_ENABLE_OBJC_ARC = YES;
				CLANG_ENABLE_OBJC_WEAK = YES;
				CLANG_WARN_BLOCK_CAPTURE_AUTORELEASING = YES;
				CLANG_WARN_BOOL_CONVERSION = YES;
				CLANG_WARN_COMMA = YES;
				CLANG_WARN_CONSTANT_CONVERSION = YES;
				CLANG_WARN_DEPRECATED_OBJC_IMPLEMENTATIONS = YES;
				CLANG_WARN_DIRECT_OBJC_ISA_USAGE = YES_ERROR;
				CLANG_WARN_DOCUMENTATION_COMMENTS = YES;
				CLANG_WARN_EMPTY_BODY = YES;
				CLANG_WARN_ENUM_CONVERSION = YES;
				CLANG_WARN_INFINITE_RECURSION = YES;
				CLANG_WARN_INT_CONVERSION = YES;
				CLANG_WARN_NON_LITERAL_NULL_CONVERSION = YES;
				CLANG_WARN_OBJC_IMPLICIT_RETAIN_SELF = YES;
				CLANG_WARN_OBJC_LITERAL_CONVERSION = YES;
				CLANG_WARN_OBJC_ROOT_CLASS = YES_ERROR;
				CLANG_WARN_QUOTED_INCLUDE_IN_FRAMEWORK_HEADER = YES;
				CLANG_WARN_RANGE_LOOP_ANALYSIS = YES;
				CLANG_WARN_STRICT_PROTOTYPES = YES;
				CLANG_WARN_SUSPICIOUS_MOVE = YES;
				CLANG_WARN_UNGUARDED_AVAILABILITY = YES_AGGRESSIVE;
				CLANG_WARN_UNREACHABLE_CODE = YES;
				CLANG_WARN__DUPLICATE_METHOD_MATCH = YES;
				COPY_PHASE_STRIP = NO;
				DEBUG_INFORMATION_FORMAT = dwarf;
				ENABLE_STRICT_OBJC_MSGSEND = YES;
				ENABLE_TESTABILITY = YES;
				GCC_C_LANGUAGE_STANDARD = gnu11;
				GCC_DYNAMIC_NO_PIC = NO;
				GCC_NO_COMMON_BLOCKS = YES;
				GCC_OPTIMIZATION_LEVEL = 0;
				GCC_PREPROCESSOR_DEFINITIONS = (
					"DEBUG=1",
					"$(inherited)",
				);
				GCC_WARN_64_TO_32_BIT_CONVERSION = YES;
				GCC_WARN_ABOUT_RETURN_TYPE = YES_ERROR;
				GCC_WARN_UNDECLARED_SELECTOR = YES;
				GCC_WARN_UNINITIALIZED_AUTOS = YES_AGGRESSIVE;
				GCC_WARN_UNUSED_FUNCTION = YES;
				GCC_WARN_UNUSED_VARIABLE = YES;
				IPHONEOS_DEPLOYMENT_TARGET = 15.4;
				MTL_ENABLE_DEBUG_INFO = INCLUDE_SOURCE;
				MTL_FAST_MATH = YES;
				ONLY_ACTIVE_ARCH = YES;
				SDKROOT = iphoneos;
				SWIFT_ACTIVE_COMPILATION_CONDITIONS = DEBUG;
				SWIFT_OPTIMIZATION_LEVEL = "-Onone";
			};
			name = Debug;
		};
		349491C92843AD0B0009B0AE /* Release */ = {
			isa = XCBuildConfiguration;
			buildSettings = {
				ALWAYS_SEARCH_USER_PATHS = NO;
				CLANG_ANALYZER_NONNULL = YES;
				CLANG_ANALYZER_NUMBER_OBJECT_CONVERSION = YES_AGGRESSIVE;
				CLANG_CXX_LANGUAGE_STANDARD = "gnu++17";
				CLANG_ENABLE_MODULES = YES;
				CLANG_ENABLE_OBJC_ARC = YES;
				CLANG_ENABLE_OBJC_WEAK = YES;
				CLANG_WARN_BLOCK_CAPTURE_AUTORELEASING = YES;
				CLANG_WARN_BOOL_CONVERSION = YES;
				CLANG_WARN_COMMA = YES;
				CLANG_WARN_CONSTANT_CONVERSION = YES;
				CLANG_WARN_DEPRECATED_OBJC_IMPLEMENTATIONS = YES;
				CLANG_WARN_DIRECT_OBJC_ISA_USAGE = YES_ERROR;
				CLANG_WARN_DOCUMENTATION_COMMENTS = YES;
				CLANG_WARN_EMPTY_BODY = YES;
				CLANG_WARN_ENUM_CONVERSION = YES;
				CLANG_WARN_INFINITE_RECURSION = YES;
				CLANG_WARN_INT_CONVERSION = YES;
				CLANG_WARN_NON_LITERAL_NULL_CONVERSION = YES;
				CLANG_WARN_OBJC_IMPLICIT_RETAIN_SELF = YES;
				CLANG_WARN_OBJC_LITERAL_CONVERSION = YES;
				CLANG_WARN_OBJC_ROOT_CLASS = YES_ERROR;
				CLANG_WARN_QUOTED_INCLUDE_IN_FRAMEWORK_HEADER = YES;
				CLANG_WARN_RANGE_LOOP_ANALYSIS = YES;
				CLANG_WARN_STRICT_PROTOTYPES = YES;
				CLANG_WARN_SUSPICIOUS_MOVE = YES;
				CLANG_WARN_UNGUARDED_AVAILABILITY = YES_AGGRESSIVE;
				CLANG_WARN_UNREACHABLE_CODE = YES;
				CLANG_WARN__DUPLICATE_METHOD_MATCH = YES;
				COPY_PHASE_STRIP = NO;
				DEBUG_INFORMATION_FORMAT = "dwarf-with-dsym";
				ENABLE_NS_ASSERTIONS = NO;
				ENABLE_STRICT_OBJC_MSGSEND = YES;
				GCC_C_LANGUAGE_STANDARD = gnu11;
				GCC_NO_COMMON_BLOCKS = YES;
				GCC_WARN_64_TO_32_BIT_CONVERSION = YES;
				GCC_WARN_ABOUT_RETURN_TYPE = YES_ERROR;
				GCC_WARN_UNDECLARED_SELECTOR = YES;
				GCC_WARN_UNINITIALIZED_AUTOS = YES_AGGRESSIVE;
				GCC_WARN_UNUSED_FUNCTION = YES;
				GCC_WARN_UNUSED_VARIABLE = YES;
				IPHONEOS_DEPLOYMENT_TARGET = 15.4;
				MTL_ENABLE_DEBUG_INFO = NO;
				MTL_FAST_MATH = YES;
				SDKROOT = iphoneos;
				SWIFT_COMPILATION_MODE = wholemodule;
				SWIFT_OPTIMIZATION_LEVEL = "-O";
				VALIDATE_PRODUCT = YES;
			};
			name = Release;
		};
		349491CB2843AD0B0009B0AE /* Debug */ = {
			isa = XCBuildConfiguration;
			buildSettings = {
				ASSETCATALOG_COMPILER_APPICON_NAME = AppIcon;
				ASSETCATALOG_COMPILER_GLOBAL_ACCENT_COLOR_NAME = AccentColor;
				CODE_SIGN_ENTITLEMENTS = TextToSpeech/TextToSpeech.entitlements;
				CODE_SIGN_STYLE = Automatic;
				CURRENT_PROJECT_VERSION = 1;
				DEVELOPMENT_TEAM = UV47U9D7VM;
				GENERATE_INFOPLIST_FILE = YES;
				INFOPLIST_FILE = TextToSpeech/Info.plist;
				INFOPLIST_KEY_UIApplicationSupportsIndirectInputEvents = YES;
				INFOPLIST_KEY_UILaunchStoryboardName = LaunchScreen;
				INFOPLIST_KEY_UIMainStoryboardFile = LaunchScreen;
				INFOPLIST_KEY_UISupportedInterfaceOrientations_iPad = "UIInterfaceOrientationPortrait UIInterfaceOrientationPortraitUpsideDown UIInterfaceOrientationLandscapeLeft UIInterfaceOrientationLandscapeRight";
				INFOPLIST_KEY_UISupportedInterfaceOrientations_iPhone = "UIInterfaceOrientationPortrait UIInterfaceOrientationLandscapeLeft UIInterfaceOrientationLandscapeRight";
				LD_RUNPATH_SEARCH_PATHS = (
					"$(inherited)",
					"@executable_path/Frameworks",
				);
				MARKETING_VERSION = 1.0;
				PRODUCT_BUNDLE_IDENTIFIER = UV47U9D7VM.speech.to.text;
				PRODUCT_NAME = "$(TARGET_NAME)";
				SWIFT_EMIT_LOC_STRINGS = YES;
				SWIFT_VERSION = 5.0;
				TARGETED_DEVICE_FAMILY = "1,2";
			};
			name = Debug;
		};
		349491CC2843AD0B0009B0AE /* Release */ = {
			isa = XCBuildConfiguration;
			buildSettings = {
				ASSETCATALOG_COMPILER_APPICON_NAME = AppIcon;
				ASSETCATALOG_COMPILER_GLOBAL_ACCENT_COLOR_NAME = AccentColor;
				CODE_SIGN_ENTITLEMENTS = TextToSpeech/TextToSpeech.entitlements;
				CODE_SIGN_STYLE = Automatic;
				CURRENT_PROJECT_VERSION = 1;
				DEVELOPMENT_TEAM = UV47U9D7VM;
				GENERATE_INFOPLIST_FILE = YES;
				INFOPLIST_FILE = TextToSpeech/Info.plist;
				INFOPLIST_KEY_UIApplicationSupportsIndirectInputEvents = YES;
				INFOPLIST_KEY_UILaunchStoryboardName = LaunchScreen;
				INFOPLIST_KEY_UIMainStoryboardFile = LaunchScreen;
				INFOPLIST_KEY_UISupportedInterfaceOrientations_iPad = "UIInterfaceOrientationPortrait UIInterfaceOrientationPortraitUpsideDown UIInterfaceOrientationLandscapeLeft UIInterfaceOrientationLandscapeRight";
				INFOPLIST_KEY_UISupportedInterfaceOrientations_iPhone = "UIInterfaceOrientationPortrait UIInterfaceOrientationLandscapeLeft UIInterfaceOrientationLandscapeRight";
				LD_RUNPATH_SEARCH_PATHS = (
					"$(inherited)",
					"@executable_path/Frameworks",
				);
				MARKETING_VERSION = 1.0;
				PRODUCT_BUNDLE_IDENTIFIER = UV47U9D7VM.speech.to.text;
				PRODUCT_NAME = "$(TARGET_NAME)";
				SWIFT_EMIT_LOC_STRINGS = YES;
				SWIFT_VERSION = 5.0;
				TARGETED_DEVICE_FAMILY = "1,2";
			};
			name = Release;
		};
		349491CE2843AD0B0009B0AE /* Debug */ = {
			isa = XCBuildConfiguration;
			buildSettings = {
				ALWAYS_EMBED_SWIFT_STANDARD_LIBRARIES = YES;
				BUNDLE_LOADER = "$(TEST_HOST)";
				CODE_SIGN_STYLE = Automatic;
				CURRENT_PROJECT_VERSION = 1;
				DEVELOPMENT_TEAM = BDTL293JN5;
				GENERATE_INFOPLIST_FILE = YES;
				IPHONEOS_DEPLOYMENT_TARGET = 15.4;
				MARKETING_VERSION = 1.0;
				PRODUCT_BUNDLE_IDENTIFIER = daniel.james.tronca.text.to.speech.TextToSpeechTests;
				PRODUCT_NAME = "$(TARGET_NAME)";
				SWIFT_EMIT_LOC_STRINGS = NO;
				SWIFT_VERSION = 5.0;
				TARGETED_DEVICE_FAMILY = "1,2";
				TEST_HOST = "$(BUILT_PRODUCTS_DIR)/TextToSpeech.app/TextToSpeech";
			};
			name = Debug;
		};
		349491CF2843AD0B0009B0AE /* Release */ = {
			isa = XCBuildConfiguration;
			buildSettings = {
				ALWAYS_EMBED_SWIFT_STANDARD_LIBRARIES = YES;
				BUNDLE_LOADER = "$(TEST_HOST)";
				CODE_SIGN_STYLE = Automatic;
				CURRENT_PROJECT_VERSION = 1;
				DEVELOPMENT_TEAM = BDTL293JN5;
				GENERATE_INFOPLIST_FILE = YES;
				IPHONEOS_DEPLOYMENT_TARGET = 15.4;
				MARKETING_VERSION = 1.0;
				PRODUCT_BUNDLE_IDENTIFIER = daniel.james.tronca.text.to.speech.TextToSpeechTests;
				PRODUCT_NAME = "$(TARGET_NAME)";
				SWIFT_EMIT_LOC_STRINGS = NO;
				SWIFT_VERSION = 5.0;
				TARGETED_DEVICE_FAMILY = "1,2";
				TEST_HOST = "$(BUILT_PRODUCTS_DIR)/TextToSpeech.app/TextToSpeech";
			};
			name = Release;
		};
		349491D12843AD0B0009B0AE /* Debug */ = {
			isa = XCBuildConfiguration;
			buildSettings = {
				ALWAYS_EMBED_SWIFT_STANDARD_LIBRARIES = YES;
				CODE_SIGN_STYLE = Automatic;
				CURRENT_PROJECT_VERSION = 1;
				DEVELOPMENT_TEAM = BDTL293JN5;
				GENERATE_INFOPLIST_FILE = YES;
				MARKETING_VERSION = 1.0;
				PRODUCT_BUNDLE_IDENTIFIER = daniel.james.tronca.text.to.speech.TextToSpeechUITests;
				PRODUCT_NAME = "$(TARGET_NAME)";
				SWIFT_EMIT_LOC_STRINGS = NO;
				SWIFT_VERSION = 5.0;
				TARGETED_DEVICE_FAMILY = "1,2";
				TEST_TARGET_NAME = TextToSpeech;
			};
			name = Debug;
		};
		349491D22843AD0B0009B0AE /* Release */ = {
			isa = XCBuildConfiguration;
			buildSettings = {
				ALWAYS_EMBED_SWIFT_STANDARD_LIBRARIES = YES;
				CODE_SIGN_STYLE = Automatic;
				CURRENT_PROJECT_VERSION = 1;
				DEVELOPMENT_TEAM = BDTL293JN5;
				GENERATE_INFOPLIST_FILE = YES;
				MARKETING_VERSION = 1.0;
				PRODUCT_BUNDLE_IDENTIFIER = daniel.james.tronca.text.to.speech.TextToSpeechUITests;
				PRODUCT_NAME = "$(TARGET_NAME)";
				SWIFT_EMIT_LOC_STRINGS = NO;
				SWIFT_VERSION = 5.0;
				TARGETED_DEVICE_FAMILY = "1,2";
				TEST_TARGET_NAME = TextToSpeech;
			};
			name = Release;
		};
/* End XCBuildConfiguration section */

/* Begin XCConfigurationList section */
		3494919B2843AD090009B0AE /* Build configuration list for PBXProject "TextToSpeech" */ = {
			isa = XCConfigurationList;
			buildConfigurations = (
				349491C82843AD0B0009B0AE /* Debug */,
				349491C92843AD0B0009B0AE /* Release */,
			);
			defaultConfigurationIsVisible = 0;
			defaultConfigurationName = Release;
		};
		349491CA2843AD0B0009B0AE /* Build configuration list for PBXNativeTarget "TextToSpeech" */ = {
			isa = XCConfigurationList;
			buildConfigurations = (
				349491CB2843AD0B0009B0AE /* Debug */,
				349491CC2843AD0B0009B0AE /* Release */,
			);
			defaultConfigurationIsVisible = 0;
			defaultConfigurationName = Release;
		};
		349491CD2843AD0B0009B0AE /* Build configuration list for PBXNativeTarget "TextToSpeechTests" */ = {
			isa = XCConfigurationList;
			buildConfigurations = (
				349491CE2843AD0B0009B0AE /* Debug */,
				349491CF2843AD0B0009B0AE /* Release */,
			);
			defaultConfigurationIsVisible = 0;
			defaultConfigurationName = Release;
		};
		349491D02843AD0B0009B0AE /* Build configuration list for PBXNativeTarget "TextToSpeechUITests" */ = {
			isa = XCConfigurationList;
			buildConfigurations = (
				349491D12843AD0B0009B0AE /* Debug */,
				349491D22843AD0B0009B0AE /* Release */,
			);
			defaultConfigurationIsVisible = 0;
			defaultConfigurationName = Release;
		};
/* End XCConfigurationList section */

/* Begin XCVersionGroup section */
		34773F4028474EF10084F611 /* CoreDataModel.xcdatamodeld */ = {
			isa = XCVersionGroup;
			children = (
				34773F4128474EF10084F611 /* CoreDataModel.xcdatamodel */,
			);
			currentVersion = 34773F4128474EF10084F611 /* CoreDataModel.xcdatamodel */;
			path = CoreDataModel.xcdatamodeld;
			sourceTree = "<group>";
			versionGroupType = wrapper.xcdatamodel;
		};
/* End XCVersionGroup section */
	};
	rootObject = 349491982843AD090009B0AE /* Project object */;
}
